// !$*UTF8*$!
{
	archiveVersion = 1;
	classes = {
	};
	objectVersion = 55;
	objects = {

/* Begin PBXBuildFile section */
		3B047D5B28061AB4004271C0 /* GoogleService-Info.plist in Resources */ = {isa = PBXBuildFile; fileRef = 3B047D5A28061AB4004271C0 /* GoogleService-Info.plist */; };
		3B047D5E28061BC5004271C0 /* FirebaseAuth in Frameworks */ = {isa = PBXBuildFile; productRef = 3B047D5D28061BC5004271C0 /* FirebaseAuth */; };
		3B047D6028061BC5004271C0 /* FirebaseAuthCombine-Community in Frameworks */ = {isa = PBXBuildFile; productRef = 3B047D5F28061BC5004271C0 /* FirebaseAuthCombine-Community */; };
		3B047D6228061BC5004271C0 /* FirebaseDatabase in Frameworks */ = {isa = PBXBuildFile; productRef = 3B047D6128061BC5004271C0 /* FirebaseDatabase */; };
		3B047D6428061BC5004271C0 /* FirebaseDatabaseSwift-Beta in Frameworks */ = {isa = PBXBuildFile; productRef = 3B047D6328061BC5004271C0 /* FirebaseDatabaseSwift-Beta */; };
		3B3EB876280CCCB700C71208 /* SigninViewController.swift in Sources */ = {isa = PBXBuildFile; fileRef = 3B3EB875280CCCB700C71208 /* SigninViewController.swift */; };
		3B3EB879280CCD2200C71208 /* UserModel.swift in Sources */ = {isa = PBXBuildFile; fileRef = 3B3EB878280CCD2200C71208 /* UserModel.swift */; };
		3B3EB87B280CF8E600C71208 /* CreateViewController.swift in Sources */ = {isa = PBXBuildFile; fileRef = 3B3EB87A280CF8E600C71208 /* CreateViewController.swift */; };
		3B3EB87D280D072000C71208 /* RecordTableViewCell.swift in Sources */ = {isa = PBXBuildFile; fileRef = 3B3EB87C280D071F00C71208 /* RecordTableViewCell.swift */; };
		3B3EB87F280D241000C71208 /* RecordModel.swift in Sources */ = {isa = PBXBuildFile; fileRef = 3B3EB87E280D241000C71208 /* RecordModel.swift */; };
		3B461373280E556600CF6B68 /* ProfileViewController.swift in Sources */ = {isa = PBXBuildFile; fileRef = 3B461372280E556600CF6B68 /* ProfileViewController.swift */; };
		3BBB7A6528063CA600C2E31B /* ViewController.swift in Sources */ = {isa = PBXBuildFile; fileRef = 3BBB7A6428063CA600C2E31B /* ViewController.swift */; };
		3BBB7A6828063CCD00C2E31B /* LoginViewController.swift in Sources */ = {isa = PBXBuildFile; fileRef = 3BBB7A6728063CCD00C2E31B /* LoginViewController.swift */; };
		3BBB7A6A28063CDE00C2E31B /* HomeViewController.swift in Sources */ = {isa = PBXBuildFile; fileRef = 3BBB7A6928063CDE00C2E31B /* HomeViewController.swift */; };
		3BBB7A6D280656DF00C2E31B /* Constants.swift in Sources */ = {isa = PBXBuildFile; fileRef = 3BBB7A6C280656DF00C2E31B /* Constants.swift */; };
		3BF5A1872805174E00CDE093 /* AppDelegate.swift in Sources */ = {isa = PBXBuildFile; fileRef = 3BF5A1862805174E00CDE093 /* AppDelegate.swift */; };
		3BF5A1892805174E00CDE093 /* SceneDelegate.swift in Sources */ = {isa = PBXBuildFile; fileRef = 3BF5A1882805174E00CDE093 /* SceneDelegate.swift */; };
		3BF5A18E2805174E00CDE093 /* Main.storyboard in Resources */ = {isa = PBXBuildFile; fileRef = 3BF5A18C2805174E00CDE093 /* Main.storyboard */; };
		3BF5A1912805174E00CDE093 /* students_tracking.xcdatamodeld in Sources */ = {isa = PBXBuildFile; fileRef = 3BF5A18F2805174E00CDE093 /* students_tracking.xcdatamodeld */; };
		3BF5A1932805175100CDE093 /* Assets.xcassets in Resources */ = {isa = PBXBuildFile; fileRef = 3BF5A1922805175100CDE093 /* Assets.xcassets */; };
		3BF5A1962805175100CDE093 /* LaunchScreen.storyboard in Resources */ = {isa = PBXBuildFile; fileRef = 3BF5A1942805175100CDE093 /* LaunchScreen.storyboard */; };
/* End PBXBuildFile section */

/* Begin PBXFileReference section */
		3B047D5A28061AB4004271C0 /* GoogleService-Info.plist */ = {isa = PBXFileReference; fileEncoding = 4; lastKnownFileType = text.plist.xml; name = "GoogleService-Info.plist"; path = "../../../../../Downloads/GoogleService-Info.plist"; sourceTree = "<group>"; };
		3B3EB875280CCCB700C71208 /* SigninViewController.swift */ = {isa = PBXFileReference; lastKnownFileType = sourcecode.swift; path = SigninViewController.swift; sourceTree = "<group>"; };
		3B3EB878280CCD2200C71208 /* UserModel.swift */ = {isa = PBXFileReference; lastKnownFileType = sourcecode.swift; path = UserModel.swift; sourceTree = "<group>"; };
		3B3EB87A280CF8E600C71208 /* CreateViewController.swift */ = {isa = PBXFileReference; lastKnownFileType = sourcecode.swift; path = CreateViewController.swift; sourceTree = "<group>"; };
		3B3EB87C280D071F00C71208 /* RecordTableViewCell.swift */ = {isa = PBXFileReference; lastKnownFileType = sourcecode.swift; path = RecordTableViewCell.swift; sourceTree = "<group>"; };
		3B3EB87E280D241000C71208 /* RecordModel.swift */ = {isa = PBXFileReference; lastKnownFileType = sourcecode.swift; path = RecordModel.swift; sourceTree = "<group>"; };
		3B461372280E556600CF6B68 /* ProfileViewController.swift */ = {isa = PBXFileReference; lastKnownFileType = sourcecode.swift; path = ProfileViewController.swift; sourceTree = "<group>"; };
		3BBB7A6428063CA600C2E31B /* ViewController.swift */ = {isa = PBXFileReference; lastKnownFileType = sourcecode.swift; path = ViewController.swift; sourceTree = "<group>"; };
		3BBB7A6728063CCD00C2E31B /* LoginViewController.swift */ = {isa = PBXFileReference; lastKnownFileType = sourcecode.swift; path = LoginViewController.swift; sourceTree = "<group>"; };
		3BBB7A6928063CDE00C2E31B /* HomeViewController.swift */ = {isa = PBXFileReference; lastKnownFileType = sourcecode.swift; path = HomeViewController.swift; sourceTree = "<group>"; };
		3BBB7A6C280656DF00C2E31B /* Constants.swift */ = {isa = PBXFileReference; lastKnownFileType = sourcecode.swift; path = Constants.swift; sourceTree = "<group>"; };
		3BF5A1832805174E00CDE093 /* students-tracking.app */ = {isa = PBXFileReference; explicitFileType = wrapper.application; includeInIndex = 0; path = "students-tracking.app"; sourceTree = BUILT_PRODUCTS_DIR; };
		3BF5A1862805174E00CDE093 /* AppDelegate.swift */ = {isa = PBXFileReference; lastKnownFileType = sourcecode.swift; path = AppDelegate.swift; sourceTree = "<group>"; };
		3BF5A1882805174E00CDE093 /* SceneDelegate.swift */ = {isa = PBXFileReference; lastKnownFileType = sourcecode.swift; path = SceneDelegate.swift; sourceTree = "<group>"; };
		3BF5A18D2805174E00CDE093 /* Base */ = {isa = PBXFileReference; lastKnownFileType = file.storyboard; name = Base; path = Base.lproj/Main.storyboard; sourceTree = "<group>"; };
		3BF5A1902805174E00CDE093 /* students_tracking.xcdatamodel */ = {isa = PBXFileReference; lastKnownFileType = wrapper.xcdatamodel; path = students_tracking.xcdatamodel; sourceTree = "<group>"; };
		3BF5A1922805175100CDE093 /* Assets.xcassets */ = {isa = PBXFileReference; lastKnownFileType = folder.assetcatalog; path = Assets.xcassets; sourceTree = "<group>"; };
		3BF5A1952805175100CDE093 /* Base */ = {isa = PBXFileReference; lastKnownFileType = file.storyboard; name = Base; path = Base.lproj/LaunchScreen.storyboard; sourceTree = "<group>"; };
		3BF5A1972805175100CDE093 /* Info.plist */ = {isa = PBXFileReference; lastKnownFileType = text.plist.xml; path = Info.plist; sourceTree = "<group>"; };
/* End PBXFileReference section */

/* Begin PBXFrameworksBuildPhase section */
		3BF5A1802805174D00CDE093 /* Frameworks */ = {
			isa = PBXFrameworksBuildPhase;
			buildActionMask = 2147483647;
			files = (
				3B047D6228061BC5004271C0 /* FirebaseDatabase in Frameworks */,
				3B047D5E28061BC5004271C0 /* FirebaseAuth in Frameworks */,
				3B047D6428061BC5004271C0 /* FirebaseDatabaseSwift-Beta in Frameworks */,
				3B047D6028061BC5004271C0 /* FirebaseAuthCombine-Community in Frameworks */,
			);
			runOnlyForDeploymentPostprocessing = 0;
		};
/* End PBXFrameworksBuildPhase section */

/* Begin PBXGroup section */
		3B3EB877280CCD0200C71208 /* Models */ = {
			isa = PBXGroup;
			children = (
				3B3EB878280CCD2200C71208 /* UserModel.swift */,
				3B3EB87E280D241000C71208 /* RecordModel.swift */,
			);
			path = Models;
			sourceTree = "<group>";
		};
		3BBB7A6628063CB200C2E31B /* ViewControllers */ = {
			isa = PBXGroup;
			children = (
				3BBB7A6428063CA600C2E31B /* ViewController.swift */,
				3BBB7A6728063CCD00C2E31B /* LoginViewController.swift */,
				3BBB7A6928063CDE00C2E31B /* HomeViewController.swift */,
				3B3EB875280CCCB700C71208 /* SigninViewController.swift */,
				3B3EB87A280CF8E600C71208 /* CreateViewController.swift */,
				3B461372280E556600CF6B68 /* ProfileViewController.swift */,
			);
			path = ViewControllers;
			sourceTree = "<group>";
		};
		3BBB7A6B280656C400C2E31B /* Utilities */ = {
			isa = PBXGroup;
			children = (
				3BBB7A6C280656DF00C2E31B /* Constants.swift */,
				3B3EB87C280D071F00C71208 /* RecordTableViewCell.swift */,
			);
			path = Utilities;
			sourceTree = "<group>";
		};
		3BF5A17A2805174D00CDE093 = {
			isa = PBXGroup;
			children = (
				3BF5A1852805174E00CDE093 /* students-tracking */,
				3BF5A1842805174E00CDE093 /* Products */,
			);
			sourceTree = "<group>";
		};
		3BF5A1842805174E00CDE093 /* Products */ = {
			isa = PBXGroup;
			children = (
				3BF5A1832805174E00CDE093 /* students-tracking.app */,
			);
			name = Products;
			sourceTree = "<group>";
		};
		3BF5A1852805174E00CDE093 /* students-tracking */ = {
			isa = PBXGroup;
			children = (
				3B3EB877280CCD0200C71208 /* Models */,
				3BBB7A6B280656C400C2E31B /* Utilities */,
				3BBB7A6628063CB200C2E31B /* ViewControllers */,
				3B047D5A28061AB4004271C0 /* GoogleService-Info.plist */,
				3BF5A1862805174E00CDE093 /* AppDelegate.swift */,
				3BF5A1882805174E00CDE093 /* SceneDelegate.swift */,
				3BF5A18C2805174E00CDE093 /* Main.storyboard */,
				3BF5A1922805175100CDE093 /* Assets.xcassets */,
				3BF5A1942805175100CDE093 /* LaunchScreen.storyboard */,
				3BF5A1972805175100CDE093 /* Info.plist */,
				3BF5A18F2805174E00CDE093 /* students_tracking.xcdatamodeld */,
			);
			path = "students-tracking";
			sourceTree = "<group>";
		};
/* End PBXGroup section */

/* Begin PBXNativeTarget section */
		3BF5A1822805174D00CDE093 /* students-tracking */ = {
			isa = PBXNativeTarget;
			buildConfigurationList = 3BF5A19A2805175100CDE093 /* Build configuration list for PBXNativeTarget "students-tracking" */;
			buildPhases = (
				3BF5A17F2805174D00CDE093 /* Sources */,
				3BF5A1802805174D00CDE093 /* Frameworks */,
				3BF5A1812805174D00CDE093 /* Resources */,
			);
			buildRules = (
			);
			dependencies = (
			);
			name = "students-tracking";
			packageProductDependencies = (
				3B047D5D28061BC5004271C0 /* FirebaseAuth */,
				3B047D5F28061BC5004271C0 /* FirebaseAuthCombine-Community */,
				3B047D6128061BC5004271C0 /* FirebaseDatabase */,
				3B047D6328061BC5004271C0 /* FirebaseDatabaseSwift-Beta */,
			);
			productName = "students-tracking";
			productReference = 3BF5A1832805174E00CDE093 /* students-tracking.app */;
			productType = "com.apple.product-type.application";
		};
/* End PBXNativeTarget section */

/* Begin PBXProject section */
		3BF5A17B2805174D00CDE093 /* Project object */ = {
			isa = PBXProject;
			attributes = {
				BuildIndependentTargetsInParallel = 1;
				LastSwiftUpdateCheck = 1330;
				LastUpgradeCheck = 1330;
				TargetAttributes = {
					3BF5A1822805174D00CDE093 = {
						CreatedOnToolsVersion = 13.3.1;
					};
				};
			};
			buildConfigurationList = 3BF5A17E2805174D00CDE093 /* Build configuration list for PBXProject "students-tracking" */;
			compatibilityVersion = "Xcode 13.0";
			developmentRegion = en;
			hasScannedForEncodings = 0;
			knownRegions = (
				en,
				Base,
			);
			mainGroup = 3BF5A17A2805174D00CDE093;
			packageReferences = (
				3B047D5C28061BC5004271C0 /* XCRemoteSwiftPackageReference "firebase-ios-sdk" */,
			);
			productRefGroup = 3BF5A1842805174E00CDE093 /* Products */;
			projectDirPath = "";
			projectRoot = "";
			targets = (
				3BF5A1822805174D00CDE093 /* students-tracking */,
			);
		};
/* End PBXProject section */

/* Begin PBXResourcesBuildPhase section */
		3BF5A1812805174D00CDE093 /* Resources */ = {
			isa = PBXResourcesBuildPhase;
			buildActionMask = 2147483647;
			files = (
				3BF5A1962805175100CDE093 /* LaunchScreen.storyboard in Resources */,
				3B047D5B28061AB4004271C0 /* GoogleService-Info.plist in Resources */,
				3BF5A1932805175100CDE093 /* Assets.xcassets in Resources */,
				3BF5A18E2805174E00CDE093 /* Main.storyboard in Resources */,
			);
			runOnlyForDeploymentPostprocessing = 0;
		};
/* End PBXResourcesBuildPhase section */

/* Begin PBXSourcesBuildPhase section */
		3BF5A17F2805174D00CDE093 /* Sources */ = {
			isa = PBXSourcesBuildPhase;
			buildActionMask = 2147483647;
			files = (
				3B3EB87B280CF8E600C71208 /* CreateViewController.swift in Sources */,
				3BF5A1872805174E00CDE093 /* AppDelegate.swift in Sources */,
				3BF5A1912805174E00CDE093 /* students_tracking.xcdatamodeld in Sources */,
				3BBB7A6528063CA600C2E31B /* ViewController.swift in Sources */,
				3BBB7A6828063CCD00C2E31B /* LoginViewController.swift in Sources */,
				3B3EB876280CCCB700C71208 /* SigninViewController.swift in Sources */,
				3BBB7A6D280656DF00C2E31B /* Constants.swift in Sources */,
				3BF5A1892805174E00CDE093 /* SceneDelegate.swift in Sources */,
				3B3EB87F280D241000C71208 /* RecordModel.swift in Sources */,
				3B3EB879280CCD2200C71208 /* UserModel.swift in Sources */,
				3B461373280E556600CF6B68 /* ProfileViewController.swift in Sources */,
				3BBB7A6A28063CDE00C2E31B /* HomeViewController.swift in Sources */,
				3B3EB87D280D072000C71208 /* RecordTableViewCell.swift in Sources */,
			);
			runOnlyForDeploymentPostprocessing = 0;
		};
/* End PBXSourcesBuildPhase section */

/* Begin PBXVariantGroup section */
		3BF5A18C2805174E00CDE093 /* Main.storyboard */ = {
			isa = PBXVariantGroup;
			children = (
				3BF5A18D2805174E00CDE093 /* Base */,
			);
			name = Main.storyboard;
			sourceTree = "<group>";
		};
		3BF5A1942805175100CDE093 /* LaunchScreen.storyboard */ = {
			isa = PBXVariantGroup;
			children = (
				3BF5A1952805175100CDE093 /* Base */,
			);
			name = LaunchScreen.storyboard;
			sourceTree = "<group>";
		};
/* End PBXVariantGroup section */

/* Begin XCBuildConfiguration section */
		3BF5A1982805175100CDE093 /* Debug */ = {
			isa = XCBuildConfiguration;
			buildSettings = {
				ALWAYS_SEARCH_USER_PATHS = NO;
				CLANG_ANALYZER_NONNULL = YES;
				CLANG_ANALYZER_NUMBER_OBJECT_CONVERSION = YES_AGGRESSIVE;
				CLANG_CXX_LANGUAGE_STANDARD = "gnu++17";
				CLANG_ENABLE_MODULES = YES;
				CLANG_ENABLE_OBJC_ARC = YES;
				CLANG_ENABLE_OBJC_WEAK = YES;
				CLANG_WARN_BLOCK_CAPTURE_AUTORELEASING = YES;
				CLANG_WARN_BOOL_CONVERSION = YES;
				CLANG_WARN_COMMA = YES;
				CLANG_WARN_CONSTANT_CONVERSION = YES;
				CLANG_WARN_DEPRECATED_OBJC_IMPLEMENTATIONS = YES;
				CLANG_WARN_DIRECT_OBJC_ISA_USAGE = YES_ERROR;
				CLANG_WARN_DOCUMENTATION_COMMENTS = YES;
				CLANG_WARN_EMPTY_BODY = YES;
				CLANG_WARN_ENUM_CONVERSION = YES;
				CLANG_WARN_INFINITE_RECURSION = YES;
				CLANG_WARN_INT_CONVERSION = YES;
				CLANG_WARN_NON_LITERAL_NULL_CONVERSION = YES;
				CLANG_WARN_OBJC_IMPLICIT_RETAIN_SELF = YES;
				CLANG_WARN_OBJC_LITERAL_CONVERSION = YES;
				CLANG_WARN_OBJC_ROOT_CLASS = YES_ERROR;
				CLANG_WARN_QUOTED_INCLUDE_IN_FRAMEWORK_HEADER = YES;
				CLANG_WARN_RANGE_LOOP_ANALYSIS = YES;
				CLANG_WARN_STRICT_PROTOTYPES = YES;
				CLANG_WARN_SUSPICIOUS_MOVE = YES;
				CLANG_WARN_UNGUARDED_AVAILABILITY = YES_AGGRESSIVE;
				CLANG_WARN_UNREACHABLE_CODE = YES;
				CLANG_WARN__DUPLICATE_METHOD_MATCH = YES;
				COPY_PHASE_STRIP = NO;
				DEBUG_INFORMATION_FORMAT = dwarf;
				ENABLE_STRICT_OBJC_MSGSEND = YES;
				ENABLE_TESTABILITY = YES;
				GCC_C_LANGUAGE_STANDARD = gnu11;
				GCC_DYNAMIC_NO_PIC = NO;
				GCC_NO_COMMON_BLOCKS = YES;
				GCC_OPTIMIZATION_LEVEL = 0;
				GCC_PREPROCESSOR_DEFINITIONS = (
					"DEBUG=1",
					"$(inherited)",
				);
				GCC_WARN_64_TO_32_BIT_CONVERSION = YES;
				GCC_WARN_ABOUT_RETURN_TYPE = YES_ERROR;
				GCC_WARN_UNDECLARED_SELECTOR = YES;
				GCC_WARN_UNINITIALIZED_AUTOS = YES_AGGRESSIVE;
				GCC_WARN_UNUSED_FUNCTION = YES;
				GCC_WARN_UNUSED_VARIABLE = YES;
				IPHONEOS_DEPLOYMENT_TARGET = 15.4;
				MTL_ENABLE_DEBUG_INFO = INCLUDE_SOURCE;
				MTL_FAST_MATH = YES;
				ONLY_ACTIVE_ARCH = YES;
				SDKROOT = iphoneos;
				SWIFT_ACTIVE_COMPILATION_CONDITIONS = DEBUG;
				SWIFT_OPTIMIZATION_LEVEL = "-Onone";
			};
			name = Debug;
		};
		3BF5A1992805175100CDE093 /* Release */ = {
			isa = XCBuildConfiguration;
			buildSettings = {
				ALWAYS_SEARCH_USER_PATHS = NO;
				CLANG_ANALYZER_NONNULL = YES;
				CLANG_ANALYZER_NUMBER_OBJECT_CONVERSION = YES_AGGRESSIVE;
				CLANG_CXX_LANGUAGE_STANDARD = "gnu++17";
				CLANG_ENABLE_MODULES = YES;
				CLANG_ENABLE_OBJC_ARC = YES;
				CLANG_ENABLE_OBJC_WEAK = YES;
				CLANG_WARN_BLOCK_CAPTURE_AUTORELEASING = YES;
				CLANG_WARN_BOOL_CONVERSION = YES;
				CLANG_WARN_COMMA = YES;
				CLANG_WARN_CONSTANT_CONVERSION = YES;
				CLANG_WARN_DEPRECATED_OBJC_IMPLEMENTATIONS = YES;
				CLANG_WARN_DIRECT_OBJC_ISA_USAGE = YES_ERROR;
				CLANG_WARN_DOCUMENTATION_COMMENTS = YES;
				CLANG_WARN_EMPTY_BODY = YES;
				CLANG_WARN_ENUM_CONVERSION = YES;
				CLANG_WARN_INFINITE_RECURSION = YES;
				CLANG_WARN_INT_CONVERSION = YES;
				CLANG_WARN_NON_LITERAL_NULL_CONVERSION = YES;
				CLANG_WARN_OBJC_IMPLICIT_RETAIN_SELF = YES;
				CLANG_WARN_OBJC_LITERAL_CONVERSION = YES;
				CLANG_WARN_OBJC_ROOT_CLASS = YES_ERROR;
				CLANG_WARN_QUOTED_INCLUDE_IN_FRAMEWORK_HEADER = YES;
				CLANG_WARN_RANGE_LOOP_ANALYSIS = YES;
				CLANG_WARN_STRICT_PROTOTYPES = YES;
				CLANG_WARN_SUSPICIOUS_MOVE = YES;
				CLANG_WARN_UNGUARDED_AVAILABILITY = YES_AGGRESSIVE;
				CLANG_WARN_UNREACHABLE_CODE = YES;
				CLANG_WARN__DUPLICATE_METHOD_MATCH = YES;
				COPY_PHASE_STRIP = NO;
				DEBUG_INFORMATION_FORMAT = "dwarf-with-dsym";
				ENABLE_NS_ASSERTIONS = NO;
				ENABLE_STRICT_OBJC_MSGSEND = YES;
				GCC_C_LANGUAGE_STANDARD = gnu11;
				GCC_NO_COMMON_BLOCKS = YES;
				GCC_WARN_64_TO_32_BIT_CONVERSION = YES;
				GCC_WARN_ABOUT_RETURN_TYPE = YES_ERROR;
				GCC_WARN_UNDECLARED_SELECTOR = YES;
				GCC_WARN_UNINITIALIZED_AUTOS = YES_AGGRESSIVE;
				GCC_WARN_UNUSED_FUNCTION = YES;
				GCC_WARN_UNUSED_VARIABLE = YES;
				IPHONEOS_DEPLOYMENT_TARGET = 15.4;
				MTL_ENABLE_DEBUG_INFO = NO;
				MTL_FAST_MATH = YES;
				SDKROOT = iphoneos;
				SWIFT_COMPILATION_MODE = wholemodule;
				SWIFT_OPTIMIZATION_LEVEL = "-O";
				VALIDATE_PRODUCT = YES;
			};
			name = Release;
		};
		3BF5A19B2805175100CDE093 /* Debug */ = {
			isa = XCBuildConfiguration;
			buildSettings = {
				ASSETCATALOG_COMPILER_APPICON_NAME = AppIcon;
				ASSETCATALOG_COMPILER_GLOBAL_ACCENT_COLOR_NAME = AccentColor;
				CODE_SIGN_STYLE = Automatic;
				CURRENT_PROJECT_VERSION = 1;
				GENERATE_INFOPLIST_FILE = YES;
				INFOPLIST_FILE = "students-tracking/Info.plist";
				INFOPLIST_KEY_UIApplicationSupportsIndirectInputEvents = YES;
				INFOPLIST_KEY_UILaunchStoryboardName = LaunchScreen;
				INFOPLIST_KEY_UIMainStoryboardFile = Main;
				INFOPLIST_KEY_UISupportedInterfaceOrientations_iPad = "UIInterfaceOrientationPortrait UIInterfaceOrientationPortraitUpsideDown UIInterfaceOrientationLandscapeLeft UIInterfaceOrientationLandscapeRight";
				INFOPLIST_KEY_UISupportedInterfaceOrientations_iPhone = "UIInterfaceOrientationPortrait UIInterfaceOrientationLandscapeLeft UIInterfaceOrientationLandscapeRight";
				LD_RUNPATH_SEARCH_PATHS = (
					"$(inherited)",
					"@executable_path/Frameworks",
				);
				MARKETING_VERSION = 1.0;
				PRODUCT_BUNDLE_IDENTIFIER = "com.valed.students-tracking";
				PRODUCT_NAME = "$(TARGET_NAME)";
				SWIFT_EMIT_LOC_STRINGS = YES;
				SWIFT_VERSION = 5.0;
				TARGETED_DEVICE_FAMILY = "1,2";
			};
			name = Debug;
		};
		3BF5A19C2805175100CDE093 /* Release */ = {
			isa = XCBuildConfiguration;
			buildSettings = {
				ASSETCATALOG_COMPILER_APPICON_NAME = AppIcon;
				ASSETCATALOG_COMPILER_GLOBAL_ACCENT_COLOR_NAME = AccentColor;
				CODE_SIGN_STYLE = Automatic;
				CURRENT_PROJECT_VERSION = 1;
				GENERATE_INFOPLIST_FILE = YES;
				INFOPLIST_FILE = "students-tracking/Info.plist";
				INFOPLIST_KEY_UIApplicationSupportsIndirectInputEvents = YES;
				INFOPLIST_KEY_UILaunchStoryboardName = LaunchScreen;
				INFOPLIST_KEY_UIMainStoryboardFile = Main;
				INFOPLIST_KEY_UISupportedInterfaceOrientations_iPad = "UIInterfaceOrientationPortrait UIInterfaceOrientationPortraitUpsideDown UIInterfaceOrientationLandscapeLeft UIInterfaceOrientationLandscapeRight";
				INFOPLIST_KEY_UISupportedInterfaceOrientations_iPhone = "UIInterfaceOrientationPortrait UIInterfaceOrientationLandscapeLeft UIInterfaceOrientationLandscapeRight";
				LD_RUNPATH_SEARCH_PATHS = (
					"$(inherited)",
					"@executable_path/Frameworks",
				);
				MARKETING_VERSION = 1.0;
				PRODUCT_BUNDLE_IDENTIFIER = "com.valed.students-tracking";
				PRODUCT_NAME = "$(TARGET_NAME)";
				SWIFT_EMIT_LOC_STRINGS = YES;
				SWIFT_VERSION = 5.0;
				TARGETED_DEVICE_FAMILY = "1,2";
			};
			name = Release;
		};
/* End XCBuildConfiguration section */

/* Begin XCConfigurationList section */
		3BF5A17E2805174D00CDE093 /* Build configuration list for PBXProject "students-tracking" */ = {
			isa = XCConfigurationList;
			buildConfigurations = (
				3BF5A1982805175100CDE093 /* Debug */,
				3BF5A1992805175100CDE093 /* Release */,
			);
			defaultConfigurationIsVisible = 0;
			defaultConfigurationName = Release;
		};
		3BF5A19A2805175100CDE093 /* Build configuration list for PBXNativeTarget "students-tracking" */ = {
			isa = XCConfigurationList;
			buildConfigurations = (
				3BF5A19B2805175100CDE093 /* Debug */,
				3BF5A19C2805175100CDE093 /* Release */,
			);
			defaultConfigurationIsVisible = 0;
			defaultConfigurationName = Release;
		};
/* End XCConfigurationList section */

/* Begin XCRemoteSwiftPackageReference section */
		3B047D5C28061BC5004271C0 /* XCRemoteSwiftPackageReference "firebase-ios-sdk" */ = {
			isa = XCRemoteSwiftPackageReference;
			repositoryURL = "https://github.com/firebase/firebase-ios-sdk";
			requirement = {
				kind = upToNextMajorVersion;
				minimumVersion = 8.0.0;
			};
		};
/* End XCRemoteSwiftPackageReference section */

/* Begin XCSwiftPackageProductDependency section */
		3B047D5D28061BC5004271C0 /* FirebaseAuth */ = {
			isa = XCSwiftPackageProductDependency;
			package = 3B047D5C28061BC5004271C0 /* XCRemoteSwiftPackageReference "firebase-ios-sdk" */;
			productName = FirebaseAuth;
		};
		3B047D5F28061BC5004271C0 /* FirebaseAuthCombine-Community */ = {
			isa = XCSwiftPackageProductDependency;
			package = 3B047D5C28061BC5004271C0 /* XCRemoteSwiftPackageReference "firebase-ios-sdk" */;
			productName = "FirebaseAuthCombine-Community";
		};
		3B047D6128061BC5004271C0 /* FirebaseDatabase */ = {
			isa = XCSwiftPackageProductDependency;
			package = 3B047D5C28061BC5004271C0 /* XCRemoteSwiftPackageReference "firebase-ios-sdk" */;
			productName = FirebaseDatabase;
		};
		3B047D6328061BC5004271C0 /* FirebaseDatabaseSwift-Beta */ = {
			isa = XCSwiftPackageProductDependency;
			package = 3B047D5C28061BC5004271C0 /* XCRemoteSwiftPackageReference "firebase-ios-sdk" */;
			productName = "FirebaseDatabaseSwift-Beta";
		};
/* End XCSwiftPackageProductDependency section */

/* Begin XCVersionGroup section */
		3BF5A18F2805174E00CDE093 /* students_tracking.xcdatamodeld */ = {
			isa = XCVersionGroup;
			children = (
				3BF5A1902805174E00CDE093 /* students_tracking.xcdatamodel */,
			);
			currentVersion = 3BF5A1902805174E00CDE093 /* students_tracking.xcdatamodel */;
			path = students_tracking.xcdatamodeld;
			sourceTree = "<group>";
			versionGroupType = wrapper.xcdatamodel;
		};
/* End XCVersionGroup section */
	};
	rootObject = 3BF5A17B2805174D00CDE093 /* Project object */;
}
